
Microsoft Visual Studio Solution File, Format Version 12.00
# Visual Studio Version 17
VisualStudioVersion = 17.5.002.0
MinimumVisualStudioVersion = 10.0.40219.1
Project("{9A19103F-16F7-4668-BE54-9A1E7A4F7556}") = "Program", "Program.csproj", "{7B0C6C2D-F3CC-4218-8950-239708A5342A}"
EndProject
Global
	GlobalSection(SolutionConfigurationPlatforms) = preSolution
		Debug|Any CPU = Debug|Any CPU
		Release|Any CPU = Release|Any CPU
	EndGlobalSection
	GlobalSection(ProjectConfigurationPlatforms) = postSolution
		{7B0C6C2D-F3CC-4218-8950-239708A5342A}.Debug|Any CPU.ActiveCfg = Debug|Any CPU
		{7B0C6C2D-F3CC-4218-8950-239708A5342A}.Debug|Any CPU.Build.0 = Debug|Any CPU
		{7B0C6C2D-F3CC-4218-8950-239708A5342A}.Release|Any CPU.ActiveCfg = Release|Any CPU
		{7B0C6C2D-F3CC-4218-8950-239708A5342A}.Release|Any CPU.Build.0 = Release|Any CPU
	EndGlobalSection
	GlobalSection(SolutionProperties) = preSolution
		HideSolutionNode = FALSE
	EndGlobalSection
	GlobalSection(ExtensibilityGlobals) = postSolution
		SolutionGuid = {3B1EF54A-ABE5-4B4F-B90E-AEF34E9AFCDB}
	EndGlobalSection
EndGlobal
