
Microsoft Visual Studio Solution File, Format Version 12.00
# Visual Studio Version 17
VisualStudioVersion = 17.0.31903.59
MinimumVisualStudioVersion = 10.0.40219.1
Project("{FAE04EC0-301F-11D3-BF4B-00C04F79EFBC}") = "MiniRPG", "MiniRPG\MiniRPG.csproj", "{DABD8388-BB91-4FFE-ACE7-1A0CAA7DBC28}"
EndProject
Global
	GlobalSection(SolutionConfigurationPlatforms) = preSolution
		Debug|Any CPU = Debug|Any CPU
		Release|Any CPU = Release|Any CPU
	EndGlobalSection
	GlobalSection(SolutionProperties) = preSolution
		HideSolutionNode = FALSE
	EndGlobalSection
	GlobalSection(ProjectConfigurationPlatforms) = postSolution
		{DABD8388-BB91-4FFE-ACE7-1A0CAA7DBC28}.Debug|Any CPU.ActiveCfg = Debug|Any CPU
		{DABD8388-BB91-4FFE-ACE7-1A0CAA7DBC28}.Debug|Any CPU.Build.0 = Debug|Any CPU
		{DABD8388-BB91-4FFE-ACE7-1A0CAA7DBC28}.Release|Any CPU.ActiveCfg = Release|Any CPU
		{DABD8388-BB91-4FFE-ACE7-1A0CAA7DBC28}.Release|Any CPU.Build.0 = Release|Any CPU
	EndGlobalSection
EndGlobal
