Microsoft Visual Studio Solution File, Format Version 12.00
# Visual Studio Version 17
VisualStudioVersion = 17.5.2.0
MinimumVisualStudioVersion = 10.0.40219.1
Project("{FAE04EC0-301F-11D3-BF4B-00C04F79EFBC}") = "GunShop", "GunShop.csproj", "{898E545A-8901-EC9F-43CE-B1FD0C1EBBAB}"
EndProject
Global
	GlobalSection(SolutionConfigurationPlatforms) = preSolution
		Debug|Any CPU = Debug|Any CPU
		Release|Any CPU = Release|Any CPU
	EndGlobalSection
	GlobalSection(ProjectConfigurationPlatforms) = postSolution
		{898E545A-8901-EC9F-43CE-B1FD0C1EBBAB}.Debug|Any CPU.ActiveCfg = Debug|Any CPU
		{898E545A-8901-EC9F-43CE-B1FD0C1EBBAB}.Debug|Any CPU.Build.0 = Debug|Any CPU
		{898E545A-8901-EC9F-43CE-B1FD0C1EBBAB}.Release|Any CPU.ActiveCfg = Release|Any CPU
		{898E545A-8901-EC9F-43CE-B1FD0C1EBBAB}.Release|Any CPU.Build.0 = Release|Any CPU
	EndGlobalSection
	GlobalSection(SolutionProperties) = preSolution
		HideSolutionNode = FALSE
	EndGlobalSection
	GlobalSection(ExtensibilityGlobals) = postSolution
		SolutionGuid = {69E45417-6886-4005-8ECA-4FA8BDB195B1}
	EndGlobalSection
EndGlobal
