
Microsoft Visual Studio Solution File, Format Version 12.00
# Visual Studio Version 17
VisualStudioVersion = 17.5.002.0
MinimumVisualStudioVersion = 10.0.40219.1
Project("{9A19103F-16F7-4668-BE54-9A1E7A4F7556}") = "GuessTheNumber", "GuessTheNumber.csproj", "{B753AAAA-1A41-4930-9602-7FFD706AE082}"
EndProject
Global
	GlobalSection(SolutionConfigurationPlatforms) = preSolution
		Debug|Any CPU = Debug|Any CPU
		Release|Any CPU = Release|Any CPU
	EndGlobalSection
	GlobalSection(ProjectConfigurationPlatforms) = postSolution
		{B753AAAA-1A41-4930-9602-7FFD706AE082}.Debug|Any CPU.ActiveCfg = Debug|Any CPU
		{B753AAAA-1A41-4930-9602-7FFD706AE082}.Debug|Any CPU.Build.0 = Debug|Any CPU
		{B753AAAA-1A41-4930-9602-7FFD706AE082}.Release|Any CPU.ActiveCfg = Release|Any CPU
		{B753AAAA-1A41-4930-9602-7FFD706AE082}.Release|Any CPU.Build.0 = Release|Any CPU
	EndGlobalSection
	GlobalSection(SolutionProperties) = preSolution
		HideSolutionNode = FALSE
	EndGlobalSection
	GlobalSection(ExtensibilityGlobals) = postSolution
		SolutionGuid = {13150D67-4FC7-45E5-93C3-74845683C48C}
	EndGlobalSection
EndGlobal
